
Microsoft Visual Studio Solution File, Format Version 12.00
# Visual Studio 15
VisualStudioVersion = 15.0.28307.572
MinimumVisualStudioVersion = 10.0.40219.1
Project("{8BC9CEB8-8B4A-11D0-8D11-00A0C91BC942}") = "SerMana", "SerMana\SerMana.vcxproj", "{203EBA73-5A65-4202-9515-D46AAF5DC584}"
EndProject
Global
	GlobalSection(SolutionConfigurationPlatforms) = preSolution
		Debug|x64 = Debug|x64
		Debug|x86 = Debug|x86
		Release|x64 = Release|x64
		Release|x86 = Release|x86
	EndGlobalSection
	GlobalSection(ProjectConfigurationPlatforms) = postSolution
		{203EBA73-5A65-4202-9515-D46AAF5DC584}.Debug|x64.ActiveCfg = Debug|x64
		{203EBA73-5A65-4202-9515-D46AAF5DC584}.Debug|x64.Build.0 = Debug|x64
		{203EBA73-5A65-4202-9515-D46AAF5DC584}.Debug|x86.ActiveCfg = Debug|Win32
		{203EBA73-5A65-4202-9515-D46AAF5DC584}.Debug|x86.Build.0 = Debug|Win32
		{203EBA73-5A65-4202-9515-D46AAF5DC584}.Release|x64.ActiveCfg = Release|x64
		{203EBA73-5A65-4202-9515-D46AAF5DC584}.Release|x64.Build.0 = Release|x64
		{203EBA73-5A65-4202-9515-D46AAF5DC584}.Release|x86.ActiveCfg = Release|Win32
		{203EBA73-5A65-4202-9515-D46AAF5DC584}.Release|x86.Build.0 = Release|Win32
	EndGlobalSection
	GlobalSection(SolutionProperties) = preSolution
		HideSolutionNode = FALSE
	EndGlobalSection
	GlobalSection(ExtensibilityGlobals) = postSolution
		SolutionGuid = {D754DF4F-EC0F-4877-A9FF-FD56CB052511}
	EndGlobalSection
EndGlobal
