
Microsoft Visual Studio Solution File, Format Version 12.00
# Visual Studio Version 16
VisualStudioVersion = 16.0.28803.202
MinimumVisualStudioVersion = 10.0.40219.1
Project("{8BC9CEB8-8B4A-11D0-8D11-00A0C91BC942}") = "Trojan", "Trojan\Trojan.vcxproj", "{C254EAF6-14CA-4CC2-B9EE-ED2CA3CB779F}"
EndProject
Project("{8BC9CEB8-8B4A-11D0-8D11-00A0C91BC942}") = "Test", "Test\Test.vcxproj", "{A64C9BB4-BE93-4554-8188-9E7FCD7FBAF2}"
EndProject
Project("{8BC9CEB8-8B4A-11D0-8D11-00A0C91BC942}") = "TrojanClient", "TrojanClient\TrojanClient.vcxproj", "{5215DF2F-C205-425C-998A-EFDA17F99083}"
EndProject
Global
	GlobalSection(SolutionConfigurationPlatforms) = preSolution
		Debug|Any CPU = Debug|Any CPU
		Debug|x64 = Debug|x64
		Debug|x86 = Debug|x86
		Release|Any CPU = Release|Any CPU
		Release|x64 = Release|x64
		Release|x86 = Release|x86
	EndGlobalSection
	GlobalSection(ProjectConfigurationPlatforms) = postSolution
		{C254EAF6-14CA-4CC2-B9EE-ED2CA3CB779F}.Debug|Any CPU.ActiveCfg = Debug|Win32
		{C254EAF6-14CA-4CC2-B9EE-ED2CA3CB779F}.Debug|x64.ActiveCfg = Debug|x64
		{C254EAF6-14CA-4CC2-B9EE-ED2CA3CB779F}.Debug|x64.Build.0 = Debug|x64
		{C254EAF6-14CA-4CC2-B9EE-ED2CA3CB779F}.Debug|x86.ActiveCfg = Debug|Win32
		{C254EAF6-14CA-4CC2-B9EE-ED2CA3CB779F}.Debug|x86.Build.0 = Debug|Win32
		{C254EAF6-14CA-4CC2-B9EE-ED2CA3CB779F}.Release|Any CPU.ActiveCfg = Release|Win32
		{C254EAF6-14CA-4CC2-B9EE-ED2CA3CB779F}.Release|x64.ActiveCfg = Release|x64
		{C254EAF6-14CA-4CC2-B9EE-ED2CA3CB779F}.Release|x64.Build.0 = Release|x64
		{C254EAF6-14CA-4CC2-B9EE-ED2CA3CB779F}.Release|x86.ActiveCfg = Release|Win32
		{C254EAF6-14CA-4CC2-B9EE-ED2CA3CB779F}.Release|x86.Build.0 = Release|Win32
		{A64C9BB4-BE93-4554-8188-9E7FCD7FBAF2}.Debug|Any CPU.ActiveCfg = Debug|Win32
		{A64C9BB4-BE93-4554-8188-9E7FCD7FBAF2}.Debug|x64.ActiveCfg = Debug|x64
		{A64C9BB4-BE93-4554-8188-9E7FCD7FBAF2}.Debug|x64.Build.0 = Debug|x64
		{A64C9BB4-BE93-4554-8188-9E7FCD7FBAF2}.Debug|x86.ActiveCfg = Debug|Win32
		{A64C9BB4-BE93-4554-8188-9E7FCD7FBAF2}.Debug|x86.Build.0 = Debug|Win32
		{A64C9BB4-BE93-4554-8188-9E7FCD7FBAF2}.Release|Any CPU.ActiveCfg = Release|Win32
		{A64C9BB4-BE93-4554-8188-9E7FCD7FBAF2}.Release|x64.ActiveCfg = Release|x64
		{A64C9BB4-BE93-4554-8188-9E7FCD7FBAF2}.Release|x64.Build.0 = Release|x64
		{A64C9BB4-BE93-4554-8188-9E7FCD7FBAF2}.Release|x86.ActiveCfg = Release|Win32
		{A64C9BB4-BE93-4554-8188-9E7FCD7FBAF2}.Release|x86.Build.0 = Release|Win32
		{5215DF2F-C205-425C-998A-EFDA17F99083}.Debug|Any CPU.ActiveCfg = Debug|Win32
		{5215DF2F-C205-425C-998A-EFDA17F99083}.Debug|x64.ActiveCfg = Debug|x64
		{5215DF2F-C205-425C-998A-EFDA17F99083}.Debug|x64.Build.0 = Debug|x64
		{5215DF2F-C205-425C-998A-EFDA17F99083}.Debug|x86.ActiveCfg = Debug|Win32
		{5215DF2F-C205-425C-998A-EFDA17F99083}.Debug|x86.Build.0 = Debug|Win32
		{5215DF2F-C205-425C-998A-EFDA17F99083}.Release|Any CPU.ActiveCfg = Release|Win32
		{5215DF2F-C205-425C-998A-EFDA17F99083}.Release|x64.ActiveCfg = Release|x64
		{5215DF2F-C205-425C-998A-EFDA17F99083}.Release|x64.Build.0 = Release|x64
		{5215DF2F-C205-425C-998A-EFDA17F99083}.Release|x86.ActiveCfg = Release|Win32
		{5215DF2F-C205-425C-998A-EFDA17F99083}.Release|x86.Build.0 = Release|Win32
	EndGlobalSection
	GlobalSection(SolutionProperties) = preSolution
		HideSolutionNode = FALSE
	EndGlobalSection
	GlobalSection(ExtensibilityGlobals) = postSolution
		SolutionGuid = {695B65B7-EF41-43E1-9A4F-99E34D10100A}
	EndGlobalSection
EndGlobal
