
Microsoft Visual Studio Solution File, Format Version 12.00
# Visual Studio 15
VisualStudioVersion = 15.0.28307.572
MinimumVisualStudioVersion = 10.0.40219.1
Project("{8BC9CEB8-8B4A-11D0-8D11-00A0C91BC942}") = "DataTypeTransform", "DataTypeTransform\DataTypeTransform.vcxproj", "{9B590C12-F415-4A62-991C-6EE07CDEF6FD}"
EndProject
Global
	GlobalSection(SolutionConfigurationPlatforms) = preSolution
		Debug|x64 = Debug|x64
		Debug|x86 = Debug|x86
		Release|x64 = Release|x64
		Release|x86 = Release|x86
	EndGlobalSection
	GlobalSection(ProjectConfigurationPlatforms) = postSolution
		{9B590C12-F415-4A62-991C-6EE07CDEF6FD}.Debug|x64.ActiveCfg = Debug|x64
		{9B590C12-F415-4A62-991C-6EE07CDEF6FD}.Debug|x64.Build.0 = Debug|x64
		{9B590C12-F415-4A62-991C-6EE07CDEF6FD}.Debug|x86.ActiveCfg = Debug|Win32
		{9B590C12-F415-4A62-991C-6EE07CDEF6FD}.Debug|x86.Build.0 = Debug|Win32
		{9B590C12-F415-4A62-991C-6EE07CDEF6FD}.Release|x64.ActiveCfg = Release|x64
		{9B590C12-F415-4A62-991C-6EE07CDEF6FD}.Release|x64.Build.0 = Release|x64
		{9B590C12-F415-4A62-991C-6EE07CDEF6FD}.Release|x86.ActiveCfg = Release|Win32
		{9B590C12-F415-4A62-991C-6EE07CDEF6FD}.Release|x86.Build.0 = Release|Win32
	EndGlobalSection
	GlobalSection(SolutionProperties) = preSolution
		HideSolutionNode = FALSE
	EndGlobalSection
	GlobalSection(ExtensibilityGlobals) = postSolution
		SolutionGuid = {AC8A1BE1-C6ED-4D7D-96AF-611650D259B1}
	EndGlobalSection
EndGlobal
