
Microsoft Visual Studio Solution File, Format Version 12.00
# Visual Studio Version 16
VisualStudioVersion = 16.0.28803.202
MinimumVisualStudioVersion = 10.0.40219.1
Project("{8BC9CEB8-8B4A-11D0-8D11-00A0C91BC942}") = "TrojanServer", "TrojanServer\TrojanServer.vcxproj", "{D70816C5-365B-403C-AA80-004632372D4A}"
EndProject
Project("{8BC9CEB8-8B4A-11D0-8D11-00A0C91BC942}") = "TrojanClient", "TrojanClient\TrojanClient.vcxproj", "{5F9A3DA0-5C6B-4A0B-AD32-B80609F157F3}"
EndProject
Global
	GlobalSection(SolutionConfigurationPlatforms) = preSolution
		Debug|x64 = Debug|x64
		Debug|x86 = Debug|x86
		Release|x64 = Release|x64
		Release|x86 = Release|x86
	EndGlobalSection
	GlobalSection(ProjectConfigurationPlatforms) = postSolution
		{D70816C5-365B-403C-AA80-004632372D4A}.Debug|x64.ActiveCfg = Debug|x64
		{D70816C5-365B-403C-AA80-004632372D4A}.Debug|x64.Build.0 = Debug|x64
		{D70816C5-365B-403C-AA80-004632372D4A}.Debug|x86.ActiveCfg = Debug|Win32
		{D70816C5-365B-403C-AA80-004632372D4A}.Debug|x86.Build.0 = Debug|Win32
		{D70816C5-365B-403C-AA80-004632372D4A}.Release|x64.ActiveCfg = Release|x64
		{D70816C5-365B-403C-AA80-004632372D4A}.Release|x64.Build.0 = Release|x64
		{D70816C5-365B-403C-AA80-004632372D4A}.Release|x86.ActiveCfg = Release|Win32
		{D70816C5-365B-403C-AA80-004632372D4A}.Release|x86.Build.0 = Release|Win32
		{5F9A3DA0-5C6B-4A0B-AD32-B80609F157F3}.Debug|x64.ActiveCfg = Debug|x64
		{5F9A3DA0-5C6B-4A0B-AD32-B80609F157F3}.Debug|x64.Build.0 = Debug|x64
		{5F9A3DA0-5C6B-4A0B-AD32-B80609F157F3}.Debug|x86.ActiveCfg = Debug|Win32
		{5F9A3DA0-5C6B-4A0B-AD32-B80609F157F3}.Debug|x86.Build.0 = Debug|Win32
		{5F9A3DA0-5C6B-4A0B-AD32-B80609F157F3}.Release|x64.ActiveCfg = Release|x64
		{5F9A3DA0-5C6B-4A0B-AD32-B80609F157F3}.Release|x64.Build.0 = Release|x64
		{5F9A3DA0-5C6B-4A0B-AD32-B80609F157F3}.Release|x86.ActiveCfg = Release|Win32
		{5F9A3DA0-5C6B-4A0B-AD32-B80609F157F3}.Release|x86.Build.0 = Release|Win32
	EndGlobalSection
	GlobalSection(SolutionProperties) = preSolution
		HideSolutionNode = FALSE
	EndGlobalSection
	GlobalSection(ExtensibilityGlobals) = postSolution
		SolutionGuid = {06274710-DE2D-4BA9-900B-D2D21958958C}
	EndGlobalSection
EndGlobal
